
Microsoft Visual Studio Solution File, Format Version 12.00
# Visual Studio Version 16
VisualStudioVersion = 16.0.30503.244
MinimumVisualStudioVersion = 10.0.40219.1
Project("{8BC9CEB8-8B4A-11D0-8D11-00A0C91BC942}") = "Factory method", "Factory method\Factory method.vcxproj", "{9AD0C931-E59D-4D97-ADF9-14EBCC19CFEB}"
EndProject
Project("{8BC9CEB8-8B4A-11D0-8D11-00A0C91BC942}") = "Abstract Factory", "Abstract Factory\Abstract Factory.vcxproj", "{60A213A9-B838-4FCA-B17C-CFC6F301981B}"
EndProject
Project("{8BC9CEB8-8B4A-11D0-8D11-00A0C91BC942}") = "Prototype", "Prototype\Prototype.vcxproj", "{8A561BEE-71C3-4DA8-BD3E-9D65A9EADEC0}"
EndProject
Project("{8BC9CEB8-8B4A-11D0-8D11-00A0C91BC942}") = "Builder", "Builder\Builder.vcxproj", "{ACF19702-89A8-4C55-8C8A-0EF645C3C0EC}"
EndProject
Project("{8BC9CEB8-8B4A-11D0-8D11-00A0C91BC942}") = "Singleton", "Singleton\Singleton.vcxproj", "{B1012E4E-2CEA-4CE1-91B5-93CFF219474D}"
EndProject
Project("{8BC9CEB8-8B4A-11D0-8D11-00A0C91BC942}") = "Flyweight", "Flyweight\Flyweight.vcxproj", "{2115AF69-630C-40E2-A93C-B429C4F7CA7B}"
EndProject
Project("{8BC9CEB8-8B4A-11D0-8D11-00A0C91BC942}") = "Facade", "Facade\Facade.vcxproj", "{09064767-F4DA-4243-B6FA-687EAE19F027}"
EndProject
Project("{8BC9CEB8-8B4A-11D0-8D11-00A0C91BC942}") = "Proxy", "Proxy\Proxy.vcxproj", "{618DB9EC-36C2-4DDA-8860-3FF8DA28C287}"
EndProject
Project("{8BC9CEB8-8B4A-11D0-8D11-00A0C91BC942}") = "Adapter", "Adapter\Adapter.vcxproj", "{5355F72A-01D6-4FE9-8E05-CDBC330C5B42}"
EndProject
Project("{8BC9CEB8-8B4A-11D0-8D11-00A0C91BC942}") = "Mediator", "Mediator\Mediator.vcxproj", "{C05840B1-3B36-4BA9-99DE-D15330F08733}"
EndProject
Project("{8BC9CEB8-8B4A-11D0-8D11-00A0C91BC942}") = "State", "State\State.vcxproj", "{FD3B07F8-6AD6-41EE-9914-5E8E6188B114}"
EndProject
Project("{8BC9CEB8-8B4A-11D0-8D11-00A0C91BC942}") = "Memento", "Memento\Memento.vcxproj", "{D64AA00F-70EF-4AB3-936F-CD2D7F63D0DE}"
EndProject
Project("{8BC9CEB8-8B4A-11D0-8D11-00A0C91BC942}") = "Composite", "Composite\Composite.vcxproj", "{DA9CFACB-E9EF-46B0-B439-CFC2438FD1BE}"
EndProject
Project("{8BC9CEB8-8B4A-11D0-8D11-00A0C91BC942}") = "Iterator", "Iterator\Iterator.vcxproj", "{C0F81E4D-5C93-493E-B91D-B4AEFC45318F}"
EndProject
Project("{8BC9CEB8-8B4A-11D0-8D11-00A0C91BC942}") = "Chain of Responsibility", "Chain of Responsibility\Chain of Responsibility.vcxproj", "{A7881A8F-C5F8-4F6E-B99C-9AD0FA6457E5}"
EndProject
Global
	GlobalSection(SolutionConfigurationPlatforms) = preSolution
		Debug|x64 = Debug|x64
		Debug|x86 = Debug|x86
		Release|x64 = Release|x64
		Release|x86 = Release|x86
	EndGlobalSection
	GlobalSection(ProjectConfigurationPlatforms) = postSolution
		{9AD0C931-E59D-4D97-ADF9-14EBCC19CFEB}.Debug|x64.ActiveCfg = Debug|x64
		{9AD0C931-E59D-4D97-ADF9-14EBCC19CFEB}.Debug|x64.Build.0 = Debug|x64
		{9AD0C931-E59D-4D97-ADF9-14EBCC19CFEB}.Debug|x86.ActiveCfg = Debug|Win32
		{9AD0C931-E59D-4D97-ADF9-14EBCC19CFEB}.Debug|x86.Build.0 = Debug|Win32
		{9AD0C931-E59D-4D97-ADF9-14EBCC19CFEB}.Release|x64.ActiveCfg = Release|x64
		{9AD0C931-E59D-4D97-ADF9-14EBCC19CFEB}.Release|x64.Build.0 = Release|x64
		{9AD0C931-E59D-4D97-ADF9-14EBCC19CFEB}.Release|x86.ActiveCfg = Release|Win32
		{9AD0C931-E59D-4D97-ADF9-14EBCC19CFEB}.Release|x86.Build.0 = Release|Win32
		{60A213A9-B838-4FCA-B17C-CFC6F301981B}.Debug|x64.ActiveCfg = Debug|x64
		{60A213A9-B838-4FCA-B17C-CFC6F301981B}.Debug|x64.Build.0 = Debug|x64
		{60A213A9-B838-4FCA-B17C-CFC6F301981B}.Debug|x86.ActiveCfg = Debug|Win32
		{60A213A9-B838-4FCA-B17C-CFC6F301981B}.Debug|x86.Build.0 = Debug|Win32
		{60A213A9-B838-4FCA-B17C-CFC6F301981B}.Release|x64.ActiveCfg = Release|x64
		{60A213A9-B838-4FCA-B17C-CFC6F301981B}.Release|x64.Build.0 = Release|x64
		{60A213A9-B838-4FCA-B17C-CFC6F301981B}.Release|x86.ActiveCfg = Release|Win32
		{60A213A9-B838-4FCA-B17C-CFC6F301981B}.Release|x86.Build.0 = Release|Win32
		{8A561BEE-71C3-4DA8-BD3E-9D65A9EADEC0}.Debug|x64.ActiveCfg = Debug|x64
		{8A561BEE-71C3-4DA8-BD3E-9D65A9EADEC0}.Debug|x64.Build.0 = Debug|x64
		{8A561BEE-71C3-4DA8-BD3E-9D65A9EADEC0}.Debug|x86.ActiveCfg = Debug|Win32
		{8A561BEE-71C3-4DA8-BD3E-9D65A9EADEC0}.Debug|x86.Build.0 = Debug|Win32
		{8A561BEE-71C3-4DA8-BD3E-9D65A9EADEC0}.Release|x64.ActiveCfg = Release|x64
		{8A561BEE-71C3-4DA8-BD3E-9D65A9EADEC0}.Release|x64.Build.0 = Release|x64
		{8A561BEE-71C3-4DA8-BD3E-9D65A9EADEC0}.Release|x86.ActiveCfg = Release|Win32
		{8A561BEE-71C3-4DA8-BD3E-9D65A9EADEC0}.Release|x86.Build.0 = Release|Win32
		{ACF19702-89A8-4C55-8C8A-0EF645C3C0EC}.Debug|x64.ActiveCfg = Debug|x64
		{ACF19702-89A8-4C55-8C8A-0EF645C3C0EC}.Debug|x64.Build.0 = Debug|x64
		{ACF19702-89A8-4C55-8C8A-0EF645C3C0EC}.Debug|x86.ActiveCfg = Debug|Win32
		{ACF19702-89A8-4C55-8C8A-0EF645C3C0EC}.Debug|x86.Build.0 = Debug|Win32
		{ACF19702-89A8-4C55-8C8A-0EF645C3C0EC}.Release|x64.ActiveCfg = Release|x64
		{ACF19702-89A8-4C55-8C8A-0EF645C3C0EC}.Release|x64.Build.0 = Release|x64
		{ACF19702-89A8-4C55-8C8A-0EF645C3C0EC}.Release|x86.ActiveCfg = Release|Win32
		{ACF19702-89A8-4C55-8C8A-0EF645C3C0EC}.Release|x86.Build.0 = Release|Win32
		{B1012E4E-2CEA-4CE1-91B5-93CFF219474D}.Debug|x64.ActiveCfg = Debug|x64
		{B1012E4E-2CEA-4CE1-91B5-93CFF219474D}.Debug|x64.Build.0 = Debug|x64
		{B1012E4E-2CEA-4CE1-91B5-93CFF219474D}.Debug|x86.ActiveCfg = Debug|Win32
		{B1012E4E-2CEA-4CE1-91B5-93CFF219474D}.Debug|x86.Build.0 = Debug|Win32
		{B1012E4E-2CEA-4CE1-91B5-93CFF219474D}.Release|x64.ActiveCfg = Release|x64
		{B1012E4E-2CEA-4CE1-91B5-93CFF219474D}.Release|x64.Build.0 = Release|x64
		{B1012E4E-2CEA-4CE1-91B5-93CFF219474D}.Release|x86.ActiveCfg = Release|Win32
		{B1012E4E-2CEA-4CE1-91B5-93CFF219474D}.Release|x86.Build.0 = Release|Win32
		{2115AF69-630C-40E2-A93C-B429C4F7CA7B}.Debug|x64.ActiveCfg = Debug|x64
		{2115AF69-630C-40E2-A93C-B429C4F7CA7B}.Debug|x64.Build.0 = Debug|x64
		{2115AF69-630C-40E2-A93C-B429C4F7CA7B}.Debug|x86.ActiveCfg = Debug|Win32
		{2115AF69-630C-40E2-A93C-B429C4F7CA7B}.Debug|x86.Build.0 = Debug|Win32
		{2115AF69-630C-40E2-A93C-B429C4F7CA7B}.Release|x64.ActiveCfg = Release|x64
		{2115AF69-630C-40E2-A93C-B429C4F7CA7B}.Release|x64.Build.0 = Release|x64
		{2115AF69-630C-40E2-A93C-B429C4F7CA7B}.Release|x86.ActiveCfg = Release|Win32
		{2115AF69-630C-40E2-A93C-B429C4F7CA7B}.Release|x86.Build.0 = Release|Win32
		{09064767-F4DA-4243-B6FA-687EAE19F027}.Debug|x64.ActiveCfg = Debug|x64
		{09064767-F4DA-4243-B6FA-687EAE19F027}.Debug|x64.Build.0 = Debug|x64
		{09064767-F4DA-4243-B6FA-687EAE19F027}.Debug|x86.ActiveCfg = Debug|Win32
		{09064767-F4DA-4243-B6FA-687EAE19F027}.Debug|x86.Build.0 = Debug|Win32
		{09064767-F4DA-4243-B6FA-687EAE19F027}.Release|x64.ActiveCfg = Release|x64
		{09064767-F4DA-4243-B6FA-687EAE19F027}.Release|x64.Build.0 = Release|x64
		{09064767-F4DA-4243-B6FA-687EAE19F027}.Release|x86.ActiveCfg = Release|Win32
		{09064767-F4DA-4243-B6FA-687EAE19F027}.Release|x86.Build.0 = Release|Win32
		{618DB9EC-36C2-4DDA-8860-3FF8DA28C287}.Debug|x64.ActiveCfg = Debug|x64
		{618DB9EC-36C2-4DDA-8860-3FF8DA28C287}.Debug|x64.Build.0 = Debug|x64
		{618DB9EC-36C2-4DDA-8860-3FF8DA28C287}.Debug|x86.ActiveCfg = Debug|Win32
		{618DB9EC-36C2-4DDA-8860-3FF8DA28C287}.Debug|x86.Build.0 = Debug|Win32
		{618DB9EC-36C2-4DDA-8860-3FF8DA28C287}.Release|x64.ActiveCfg = Release|x64
		{618DB9EC-36C2-4DDA-8860-3FF8DA28C287}.Release|x64.Build.0 = Release|x64
		{618DB9EC-36C2-4DDA-8860-3FF8DA28C287}.Release|x86.ActiveCfg = Release|Win32
		{618DB9EC-36C2-4DDA-8860-3FF8DA28C287}.Release|x86.Build.0 = Release|Win32
		{5355F72A-01D6-4FE9-8E05-CDBC330C5B42}.Debug|x64.ActiveCfg = Debug|x64
		{5355F72A-01D6-4FE9-8E05-CDBC330C5B42}.Debug|x64.Build.0 = Debug|x64
		{5355F72A-01D6-4FE9-8E05-CDBC330C5B42}.Debug|x86.ActiveCfg = Debug|Win32
		{5355F72A-01D6-4FE9-8E05-CDBC330C5B42}.Debug|x86.Build.0 = Debug|Win32
		{5355F72A-01D6-4FE9-8E05-CDBC330C5B42}.Release|x64.ActiveCfg = Release|x64
		{5355F72A-01D6-4FE9-8E05-CDBC330C5B42}.Release|x64.Build.0 = Release|x64
		{5355F72A-01D6-4FE9-8E05-CDBC330C5B42}.Release|x86.ActiveCfg = Release|Win32
		{5355F72A-01D6-4FE9-8E05-CDBC330C5B42}.Release|x86.Build.0 = Release|Win32
		{C05840B1-3B36-4BA9-99DE-D15330F08733}.Debug|x64.ActiveCfg = Debug|x64
		{C05840B1-3B36-4BA9-99DE-D15330F08733}.Debug|x64.Build.0 = Debug|x64
		{C05840B1-3B36-4BA9-99DE-D15330F08733}.Debug|x86.ActiveCfg = Debug|Win32
		{C05840B1-3B36-4BA9-99DE-D15330F08733}.Debug|x86.Build.0 = Debug|Win32
		{C05840B1-3B36-4BA9-99DE-D15330F08733}.Release|x64.ActiveCfg = Release|x64
		{C05840B1-3B36-4BA9-99DE-D15330F08733}.Release|x64.Build.0 = Release|x64
		{C05840B1-3B36-4BA9-99DE-D15330F08733}.Release|x86.ActiveCfg = Release|Win32
		{C05840B1-3B36-4BA9-99DE-D15330F08733}.Release|x86.Build.0 = Release|Win32
		{FD3B07F8-6AD6-41EE-9914-5E8E6188B114}.Debug|x64.ActiveCfg = Debug|x64
		{FD3B07F8-6AD6-41EE-9914-5E8E6188B114}.Debug|x64.Build.0 = Debug|x64
		{FD3B07F8-6AD6-41EE-9914-5E8E6188B114}.Debug|x86.ActiveCfg = Debug|Win32
		{FD3B07F8-6AD6-41EE-9914-5E8E6188B114}.Debug|x86.Build.0 = Debug|Win32
		{FD3B07F8-6AD6-41EE-9914-5E8E6188B114}.Release|x64.ActiveCfg = Release|x64
		{FD3B07F8-6AD6-41EE-9914-5E8E6188B114}.Release|x64.Build.0 = Release|x64
		{FD3B07F8-6AD6-41EE-9914-5E8E6188B114}.Release|x86.ActiveCfg = Release|Win32
		{FD3B07F8-6AD6-41EE-9914-5E8E6188B114}.Release|x86.Build.0 = Release|Win32
		{D64AA00F-70EF-4AB3-936F-CD2D7F63D0DE}.Debug|x64.ActiveCfg = Debug|x64
		{D64AA00F-70EF-4AB3-936F-CD2D7F63D0DE}.Debug|x64.Build.0 = Debug|x64
		{D64AA00F-70EF-4AB3-936F-CD2D7F63D0DE}.Debug|x86.ActiveCfg = Debug|Win32
		{D64AA00F-70EF-4AB3-936F-CD2D7F63D0DE}.Debug|x86.Build.0 = Debug|Win32
		{D64AA00F-70EF-4AB3-936F-CD2D7F63D0DE}.Release|x64.ActiveCfg = Release|x64
		{D64AA00F-70EF-4AB3-936F-CD2D7F63D0DE}.Release|x64.Build.0 = Release|x64
		{D64AA00F-70EF-4AB3-936F-CD2D7F63D0DE}.Release|x86.ActiveCfg = Release|Win32
		{D64AA00F-70EF-4AB3-936F-CD2D7F63D0DE}.Release|x86.Build.0 = Release|Win32
		{DA9CFACB-E9EF-46B0-B439-CFC2438FD1BE}.Debug|x64.ActiveCfg = Debug|x64
		{DA9CFACB-E9EF-46B0-B439-CFC2438FD1BE}.Debug|x64.Build.0 = Debug|x64
		{DA9CFACB-E9EF-46B0-B439-CFC2438FD1BE}.Debug|x86.ActiveCfg = Debug|Win32
		{DA9CFACB-E9EF-46B0-B439-CFC2438FD1BE}.Debug|x86.Build.0 = Debug|Win32
		{DA9CFACB-E9EF-46B0-B439-CFC2438FD1BE}.Release|x64.ActiveCfg = Release|x64
		{DA9CFACB-E9EF-46B0-B439-CFC2438FD1BE}.Release|x64.Build.0 = Release|x64
		{DA9CFACB-E9EF-46B0-B439-CFC2438FD1BE}.Release|x86.ActiveCfg = Release|Win32
		{DA9CFACB-E9EF-46B0-B439-CFC2438FD1BE}.Release|x86.Build.0 = Release|Win32
		{C0F81E4D-5C93-493E-B91D-B4AEFC45318F}.Debug|x64.ActiveCfg = Debug|x64
		{C0F81E4D-5C93-493E-B91D-B4AEFC45318F}.Debug|x64.Build.0 = Debug|x64
		{C0F81E4D-5C93-493E-B91D-B4AEFC45318F}.Debug|x86.ActiveCfg = Debug|Win32
		{C0F81E4D-5C93-493E-B91D-B4AEFC45318F}.Debug|x86.Build.0 = Debug|Win32
		{C0F81E4D-5C93-493E-B91D-B4AEFC45318F}.Release|x64.ActiveCfg = Release|x64
		{C0F81E4D-5C93-493E-B91D-B4AEFC45318F}.Release|x64.Build.0 = Release|x64
		{C0F81E4D-5C93-493E-B91D-B4AEFC45318F}.Release|x86.ActiveCfg = Release|Win32
		{C0F81E4D-5C93-493E-B91D-B4AEFC45318F}.Release|x86.Build.0 = Release|Win32
		{A7881A8F-C5F8-4F6E-B99C-9AD0FA6457E5}.Debug|x64.ActiveCfg = Debug|x64
		{A7881A8F-C5F8-4F6E-B99C-9AD0FA6457E5}.Debug|x64.Build.0 = Debug|x64
		{A7881A8F-C5F8-4F6E-B99C-9AD0FA6457E5}.Debug|x86.ActiveCfg = Debug|Win32
		{A7881A8F-C5F8-4F6E-B99C-9AD0FA6457E5}.Debug|x86.Build.0 = Debug|Win32
		{A7881A8F-C5F8-4F6E-B99C-9AD0FA6457E5}.Release|x64.ActiveCfg = Release|x64
		{A7881A8F-C5F8-4F6E-B99C-9AD0FA6457E5}.Release|x64.Build.0 = Release|x64
		{A7881A8F-C5F8-4F6E-B99C-9AD0FA6457E5}.Release|x86.ActiveCfg = Release|Win32
		{A7881A8F-C5F8-4F6E-B99C-9AD0FA6457E5}.Release|x86.Build.0 = Release|Win32
	EndGlobalSection
	GlobalSection(SolutionProperties) = preSolution
		HideSolutionNode = FALSE
	EndGlobalSection
	GlobalSection(ExtensibilityGlobals) = postSolution
		SolutionGuid = {B92215DA-6FE5-4A3E-8638-D8AD6B121F62}
	EndGlobalSection
EndGlobal
